
Microsoft Visual Studio Solution File, Format Version 12.00
# Visual Studio Version 17
VisualStudioVersion = 17.2.32630.192
MinimumVisualStudioVersion = 10.0.40219.1
Project("{8BC9CEB8-8B4A-11D0-8D11-00A0C91BC942}") = "Jde.IotWebsocket", ".build\Jde.IotWebsocket.vcxproj", "{51C477F7-6D4F-33BC-BFB4-5E064F3C3907}"
	ProjectSection(ProjectDependencies) = postProject
		{21C0B01A-6C42-3E83-922C-81F402DBA889} = {21C0B01A-6C42-3E83-922C-81F402DBA889}
		{2BC82998-8161-353D-9006-7CF20A3277B3} = {2BC82998-8161-353D-9006-7CF20A3277B3}
		{343D2117-CCF6-38E8-94CD-670A7A5DDE21} = {343D2117-CCF6-38E8-94CD-670A7A5DDE21}
		{47A0B8E0-3FB0-3E5B-B547-D9FE6A770560} = {47A0B8E0-3FB0-3E5B-B547-D9FE6A770560}
		{56035870-44B4-3CE3-9497-7084B838764A} = {56035870-44B4-3CE3-9497-7084B838764A}
		{5A9EE2A3-1536-3252-A222-D763568EE8C8} = {5A9EE2A3-1536-3252-A222-D763568EE8C8}
		{71FD5FEB-48DC-3F44-A5EA-434BB7D044EF} = {71FD5FEB-48DC-3F44-A5EA-434BB7D044EF}
		{77A67BA6-8599-313C-BA71-005E5839F85C} = {77A67BA6-8599-313C-BA71-005E5839F85C}
		{7830423D-AAD5-3B83-A154-6F7A52B39A98} = {7830423D-AAD5-3B83-A154-6F7A52B39A98}
		{83913D61-3FA0-3439-977A-C2198579069E} = {83913D61-3FA0-3439-977A-C2198579069E}
		{85947D0B-7D69-306D-B6E2-6F5D6F92A513} = {85947D0B-7D69-306D-B6E2-6F5D6F92A513}
		{BE348316-C193-319A-87EE-7BEEBD7B7488} = {BE348316-C193-319A-87EE-7BEEBD7B7488}
		{E26ABC76-4EDF-3CF9-9441-71C6367D7B2B} = {E26ABC76-4EDF-3CF9-9441-71C6367D7B2B}
		{EC0CF75C-9CBB-30A0-A4E0-C38966DF7F57} = {EC0CF75C-9CBB-30A0-A4E0-C38966DF7F57}
	EndProjectSection
EndProject
Project("{8BC9CEB8-8B4A-11D0-8D11-00A0C91BC942}") = "Jde.Iot", "..\..\Public\src\iot\.build\Jde.Iot.vcxproj", "{343D2117-CCF6-38E8-94CD-670A7A5DDE21}"
	ProjectSection(ProjectDependencies) = postProject
		{56035870-44B4-3CE3-9497-7084B838764A} = {56035870-44B4-3CE3-9497-7084B838764A}
		{7830423D-AAD5-3B83-A154-6F7A52B39A98} = {7830423D-AAD5-3B83-A154-6F7A52B39A98}
	EndProjectSection
EndProject
Project("{8BC9CEB8-8B4A-11D0-8D11-00A0C91BC942}") = "Jde.Crypto", "..\..\Public\src\crypto\.build\Jde.Crypto.vcxproj", "{7830423D-AAD5-3B83-A154-6F7A52B39A98}"
	ProjectSection(ProjectDependencies) = postProject
		{56035870-44B4-3CE3-9497-7084B838764A} = {56035870-44B4-3CE3-9497-7084B838764A}
	EndProjectSection
EndProject
Project("{8BC9CEB8-8B4A-11D0-8D11-00A0C91BC942}") = "Jde", "..\..\Framework\source\.build\Jde.vcxproj", "{56035870-44B4-3CE3-9497-7084B838764A}"
EndProject
Project("{8BC9CEB8-8B4A-11D0-8D11-00A0C91BC942}") = "Jde.Web.Client", "..\..\Public\src\web\client\.build\Jde.Web.Client.vcxproj", "{E26ABC76-4EDF-3CF9-9441-71C6367D7B2B}"
	ProjectSection(ProjectDependencies) = postProject
		{56035870-44B4-3CE3-9497-7084B838764A} = {56035870-44B4-3CE3-9497-7084B838764A}
		{7830423D-AAD5-3B83-A154-6F7A52B39A98} = {7830423D-AAD5-3B83-A154-6F7A52B39A98}
	EndProjectSection
EndProject
Project("{8BC9CEB8-8B4A-11D0-8D11-00A0C91BC942}") = "Jde.Web.Server", "..\..\Public\src\web\server\.build\Jde.Web.Server.vcxproj", "{85947D0B-7D69-306D-B6E2-6F5D6F92A513}"
	ProjectSection(ProjectDependencies) = postProject
		{56035870-44B4-3CE3-9497-7084B838764A} = {56035870-44B4-3CE3-9497-7084B838764A}
		{5A9EE2A3-1536-3252-A222-D763568EE8C8} = {5A9EE2A3-1536-3252-A222-D763568EE8C8}
		{7830423D-AAD5-3B83-A154-6F7A52B39A98} = {7830423D-AAD5-3B83-A154-6F7A52B39A98}
		{E26ABC76-4EDF-3CF9-9441-71C6367D7B2B} = {E26ABC76-4EDF-3CF9-9441-71C6367D7B2B}
	EndProjectSection
EndProject
Project("{8BC9CEB8-8B4A-11D0-8D11-00A0C91BC942}") = "Jde.App.Shared", "..\..\Public\src\app\shared\.build\Jde.App.Shared.vcxproj", "{5A9EE2A3-1536-3252-A222-D763568EE8C8}"
	ProjectSection(ProjectDependencies) = postProject
		{56035870-44B4-3CE3-9497-7084B838764A} = {56035870-44B4-3CE3-9497-7084B838764A}
	EndProjectSection
EndProject
Project("{8BC9CEB8-8B4A-11D0-8D11-00A0C91BC942}") = "Jde.App.Client", "..\..\Public\src\app\client\.build\Jde.App.Client.vcxproj", "{EC0CF75C-9CBB-30A0-A4E0-C38966DF7F57}"
	ProjectSection(ProjectDependencies) = postProject
		{56035870-44B4-3CE3-9497-7084B838764A} = {56035870-44B4-3CE3-9497-7084B838764A}
		{5A9EE2A3-1536-3252-A222-D763568EE8C8} = {5A9EE2A3-1536-3252-A222-D763568EE8C8}
		{7830423D-AAD5-3B83-A154-6F7A52B39A98} = {7830423D-AAD5-3B83-A154-6F7A52B39A98}
		{E26ABC76-4EDF-3CF9-9441-71C6367D7B2B} = {E26ABC76-4EDF-3CF9-9441-71C6367D7B2B}
	EndProjectSection
EndProject
Project("{2150E333-8FDC-42A3-9474-1A3956D46DE8}") = "installs", "installs", "{54F2BE21-4CD6-4831-A88B-872C48371746}"
EndProject
Project("{2150E333-8FDC-42A3-9474-1A3956D46DE8}") = "jde", "jde", "{E271E5BA-4840-40AF-ACA0-8F7611E5F900}"
EndProject
Project("{2150E333-8FDC-42A3-9474-1A3956D46DE8}") = "app", "app", "{016C0498-FED4-4462-BA6D-B4B99964258E}"
EndProject
Project("{2150E333-8FDC-42A3-9474-1A3956D46DE8}") = "shared", "shared", "{6F3A3284-0B0B-4C0B-8320-AB6EB39EEFFF}"
EndProject
Project("{2150E333-8FDC-42A3-9474-1A3956D46DE8}") = "client", "client", "{3433A927-2C40-4F5E-96E3-2202CB31E7B8}"
EndProject
Project("{8BC9CEB8-8B4A-11D0-8D11-00A0C91BC942}") = "INSTALL", "..\..\Framework\source\.build\INSTALL.vcxproj", "{83913D61-3FA0-3439-977A-C2198579069E}"
	ProjectSection(ProjectDependencies) = postProject
		{56035870-44B4-3CE3-9497-7084B838764A} = {56035870-44B4-3CE3-9497-7084B838764A}
	EndProjectSection
EndProject
Project("{8BC9CEB8-8B4A-11D0-8D11-00A0C91BC942}") = "INSTALL", "..\..\Public\src\app\shared\.build\INSTALL.vcxproj", "{71FD5FEB-48DC-3F44-A5EA-434BB7D044EF}"
	ProjectSection(ProjectDependencies) = postProject
		{5A9EE2A3-1536-3252-A222-D763568EE8C8} = {5A9EE2A3-1536-3252-A222-D763568EE8C8}
	EndProjectSection
EndProject
Project("{2150E333-8FDC-42A3-9474-1A3956D46DE8}") = "iot", "iot", "{99A458AC-BAF0-49A6-A446-CA21B86B3432}"
EndProject
Project("{8BC9CEB8-8B4A-11D0-8D11-00A0C91BC942}") = "INSTALL", "..\..\Public\src\iot\.build\INSTALL.vcxproj", "{21C0B01A-6C42-3E83-922C-81F402DBA889}"
	ProjectSection(ProjectDependencies) = postProject
		{343D2117-CCF6-38E8-94CD-670A7A5DDE21} = {343D2117-CCF6-38E8-94CD-670A7A5DDE21}
	EndProjectSection
EndProject
Project("{8BC9CEB8-8B4A-11D0-8D11-00A0C91BC942}") = "INSTALL", "..\..\Public\src\app\client\.build\INSTALL.vcxproj", "{BE348316-C193-319A-87EE-7BEEBD7B7488}"
	ProjectSection(ProjectDependencies) = postProject
		{EC0CF75C-9CBB-30A0-A4E0-C38966DF7F57} = {EC0CF75C-9CBB-30A0-A4E0-C38966DF7F57}
	EndProjectSection
EndProject
Project("{8BC9CEB8-8B4A-11D0-8D11-00A0C91BC942}") = "INSTALL", "..\..\Odbc\source\.build\INSTALL.vcxproj", "{2BC82998-8161-353D-9006-7CF20A3277B3}"
	ProjectSection(ProjectDependencies) = postProject
		{6BA5A6E1-3BE1-3F70-9894-D3660722CCF4} = {6BA5A6E1-3BE1-3F70-9894-D3660722CCF4}
	EndProjectSection
EndProject
Project("{2150E333-8FDC-42A3-9474-1A3956D46DE8}") = "Odbc", "Odbc", "{D12018FD-AEA8-45DE-8AA5-1D82F7A4C01B}"
EndProject
Project("{8BC9CEB8-8B4A-11D0-8D11-00A0C91BC942}") = "Jde.DB.Odbc", "..\..\Odbc\source\.build\Jde.DB.Odbc.vcxproj", "{6BA5A6E1-3BE1-3F70-9894-D3660722CCF4}"
EndProject
Project("{2150E333-8FDC-42A3-9474-1A3956D46DE8}") = "web", "web", "{8B3962D4-9959-4635-843B-5712195817FF}"
EndProject
Project("{8BC9CEB8-8B4A-11D0-8D11-00A0C91BC942}") = "INSTALL", "..\..\Public\src\web\client\.build\INSTALL.vcxproj", "{77A67BA6-8599-313C-BA71-005E5839F85C}"
	ProjectSection(ProjectDependencies) = postProject
		{E26ABC76-4EDF-3CF9-9441-71C6367D7B2B} = {E26ABC76-4EDF-3CF9-9441-71C6367D7B2B}
	EndProjectSection
EndProject
Project("{2150E333-8FDC-42A3-9474-1A3956D46DE8}") = "client", "client", "{EF81C153-1FAD-4A4D-BD61-E2C0190B7B8F}"
EndProject
Project("{2150E333-8FDC-42A3-9474-1A3956D46DE8}") = "server", "server", "{C8BCFDB1-0F04-4AD5-BC4B-3BE842183A3E}"
EndProject
Project("{8BC9CEB8-8B4A-11D0-8D11-00A0C91BC942}") = "INSTALL", "..\..\Public\src\web\server\.build\INSTALL.vcxproj", "{47A0B8E0-3FB0-3E5B-B547-D9FE6A770560}"
	ProjectSection(ProjectDependencies) = postProject
		{85947D0B-7D69-306D-B6E2-6F5D6F92A513} = {85947D0B-7D69-306D-B6E2-6F5D6F92A513}
	EndProjectSection
EndProject
Global
	GlobalSection(SolutionConfigurationPlatforms) = preSolution
		Debug|x64 = Debug|x64
		DebugMem|x64 = DebugMem|x64
		MinSizeRel|x64 = MinSizeRel|x64
		Release|x64 = Release|x64
		RelWithDebInfo|x64 = RelWithDebInfo|x64
	EndGlobalSection
	GlobalSection(ProjectConfigurationPlatforms) = postSolution
		{51C477F7-6D4F-33BC-BFB4-5E064F3C3907}.Debug|x64.ActiveCfg = Debug|x64
		{51C477F7-6D4F-33BC-BFB4-5E064F3C3907}.Debug|x64.Build.0 = Debug|x64
		{51C477F7-6D4F-33BC-BFB4-5E064F3C3907}.DebugMem|x64.ActiveCfg = Debug|x64
		{51C477F7-6D4F-33BC-BFB4-5E064F3C3907}.DebugMem|x64.Build.0 = Debug|x64
		{51C477F7-6D4F-33BC-BFB4-5E064F3C3907}.MinSizeRel|x64.ActiveCfg = RelWithDebInfo|x64
		{51C477F7-6D4F-33BC-BFB4-5E064F3C3907}.MinSizeRel|x64.Build.0 = RelWithDebInfo|x64
		{51C477F7-6D4F-33BC-BFB4-5E064F3C3907}.Release|x64.ActiveCfg = Release|x64
		{51C477F7-6D4F-33BC-BFB4-5E064F3C3907}.Release|x64.Build.0 = Release|x64
		{51C477F7-6D4F-33BC-BFB4-5E064F3C3907}.RelWithDebInfo|x64.ActiveCfg = RelWithDebInfo|x64
		{51C477F7-6D4F-33BC-BFB4-5E064F3C3907}.RelWithDebInfo|x64.Build.0 = RelWithDebInfo|x64
		{343D2117-CCF6-38E8-94CD-670A7A5DDE21}.Debug|x64.ActiveCfg = Debug|x64
		{343D2117-CCF6-38E8-94CD-670A7A5DDE21}.Debug|x64.Build.0 = Debug|x64
		{343D2117-CCF6-38E8-94CD-670A7A5DDE21}.DebugMem|x64.ActiveCfg = Debug|x64
		{343D2117-CCF6-38E8-94CD-670A7A5DDE21}.DebugMem|x64.Build.0 = Debug|x64
		{343D2117-CCF6-38E8-94CD-670A7A5DDE21}.MinSizeRel|x64.ActiveCfg = RelWithDebInfo|x64
		{343D2117-CCF6-38E8-94CD-670A7A5DDE21}.MinSizeRel|x64.Build.0 = RelWithDebInfo|x64
		{343D2117-CCF6-38E8-94CD-670A7A5DDE21}.Release|x64.ActiveCfg = Release|x64
		{343D2117-CCF6-38E8-94CD-670A7A5DDE21}.Release|x64.Build.0 = Release|x64
		{343D2117-CCF6-38E8-94CD-670A7A5DDE21}.RelWithDebInfo|x64.ActiveCfg = RelWithDebInfo|x64
		{343D2117-CCF6-38E8-94CD-670A7A5DDE21}.RelWithDebInfo|x64.Build.0 = RelWithDebInfo|x64
		{7830423D-AAD5-3B83-A154-6F7A52B39A98}.Debug|x64.ActiveCfg = Debug|x64
		{7830423D-AAD5-3B83-A154-6F7A52B39A98}.Debug|x64.Build.0 = Debug|x64
		{7830423D-AAD5-3B83-A154-6F7A52B39A98}.DebugMem|x64.ActiveCfg = Debug|x64
		{7830423D-AAD5-3B83-A154-6F7A52B39A98}.DebugMem|x64.Build.0 = Debug|x64
		{7830423D-AAD5-3B83-A154-6F7A52B39A98}.MinSizeRel|x64.ActiveCfg = RelWithDebInfo|x64
		{7830423D-AAD5-3B83-A154-6F7A52B39A98}.MinSizeRel|x64.Build.0 = RelWithDebInfo|x64
		{7830423D-AAD5-3B83-A154-6F7A52B39A98}.Release|x64.ActiveCfg = Release|x64
		{7830423D-AAD5-3B83-A154-6F7A52B39A98}.Release|x64.Build.0 = Release|x64
		{7830423D-AAD5-3B83-A154-6F7A52B39A98}.RelWithDebInfo|x64.ActiveCfg = RelWithDebInfo|x64
		{7830423D-AAD5-3B83-A154-6F7A52B39A98}.RelWithDebInfo|x64.Build.0 = RelWithDebInfo|x64
		{56035870-44B4-3CE3-9497-7084B838764A}.Debug|x64.ActiveCfg = Debug|x64
		{56035870-44B4-3CE3-9497-7084B838764A}.Debug|x64.Build.0 = Debug|x64
		{56035870-44B4-3CE3-9497-7084B838764A}.DebugMem|x64.ActiveCfg = Debug|x64
		{56035870-44B4-3CE3-9497-7084B838764A}.DebugMem|x64.Build.0 = Debug|x64
		{56035870-44B4-3CE3-9497-7084B838764A}.MinSizeRel|x64.ActiveCfg = RelWithDebInfo|x64
		{56035870-44B4-3CE3-9497-7084B838764A}.MinSizeRel|x64.Build.0 = RelWithDebInfo|x64
		{56035870-44B4-3CE3-9497-7084B838764A}.Release|x64.ActiveCfg = Release|x64
		{56035870-44B4-3CE3-9497-7084B838764A}.Release|x64.Build.0 = Release|x64
		{56035870-44B4-3CE3-9497-7084B838764A}.RelWithDebInfo|x64.ActiveCfg = RelWithDebInfo|x64
		{56035870-44B4-3CE3-9497-7084B838764A}.RelWithDebInfo|x64.Build.0 = RelWithDebInfo|x64
		{E26ABC76-4EDF-3CF9-9441-71C6367D7B2B}.Debug|x64.ActiveCfg = Debug|x64
		{E26ABC76-4EDF-3CF9-9441-71C6367D7B2B}.Debug|x64.Build.0 = Debug|x64
		{E26ABC76-4EDF-3CF9-9441-71C6367D7B2B}.DebugMem|x64.ActiveCfg = Debug|x64
		{E26ABC76-4EDF-3CF9-9441-71C6367D7B2B}.DebugMem|x64.Build.0 = Debug|x64
		{E26ABC76-4EDF-3CF9-9441-71C6367D7B2B}.MinSizeRel|x64.ActiveCfg = RelWithDebInfo|x64
		{E26ABC76-4EDF-3CF9-9441-71C6367D7B2B}.MinSizeRel|x64.Build.0 = RelWithDebInfo|x64
		{E26ABC76-4EDF-3CF9-9441-71C6367D7B2B}.Release|x64.ActiveCfg = Release|x64
		{E26ABC76-4EDF-3CF9-9441-71C6367D7B2B}.Release|x64.Build.0 = Release|x64
		{E26ABC76-4EDF-3CF9-9441-71C6367D7B2B}.RelWithDebInfo|x64.ActiveCfg = RelWithDebInfo|x64
		{E26ABC76-4EDF-3CF9-9441-71C6367D7B2B}.RelWithDebInfo|x64.Build.0 = RelWithDebInfo|x64
		{85947D0B-7D69-306D-B6E2-6F5D6F92A513}.Debug|x64.ActiveCfg = Debug|x64
		{85947D0B-7D69-306D-B6E2-6F5D6F92A513}.Debug|x64.Build.0 = Debug|x64
		{85947D0B-7D69-306D-B6E2-6F5D6F92A513}.DebugMem|x64.ActiveCfg = Debug|x64
		{85947D0B-7D69-306D-B6E2-6F5D6F92A513}.DebugMem|x64.Build.0 = Debug|x64
		{85947D0B-7D69-306D-B6E2-6F5D6F92A513}.MinSizeRel|x64.ActiveCfg = RelWithDebInfo|x64
		{85947D0B-7D69-306D-B6E2-6F5D6F92A513}.MinSizeRel|x64.Build.0 = RelWithDebInfo|x64
		{85947D0B-7D69-306D-B6E2-6F5D6F92A513}.Release|x64.ActiveCfg = Release|x64
		{85947D0B-7D69-306D-B6E2-6F5D6F92A513}.Release|x64.Build.0 = Release|x64
		{85947D0B-7D69-306D-B6E2-6F5D6F92A513}.RelWithDebInfo|x64.ActiveCfg = RelWithDebInfo|x64
		{85947D0B-7D69-306D-B6E2-6F5D6F92A513}.RelWithDebInfo|x64.Build.0 = RelWithDebInfo|x64
		{5A9EE2A3-1536-3252-A222-D763568EE8C8}.Debug|x64.ActiveCfg = Debug|x64
		{5A9EE2A3-1536-3252-A222-D763568EE8C8}.Debug|x64.Build.0 = Debug|x64
		{5A9EE2A3-1536-3252-A222-D763568EE8C8}.DebugMem|x64.ActiveCfg = Debug|x64
		{5A9EE2A3-1536-3252-A222-D763568EE8C8}.DebugMem|x64.Build.0 = Debug|x64
		{5A9EE2A3-1536-3252-A222-D763568EE8C8}.MinSizeRel|x64.ActiveCfg = RelWithDebInfo|x64
		{5A9EE2A3-1536-3252-A222-D763568EE8C8}.MinSizeRel|x64.Build.0 = RelWithDebInfo|x64
		{5A9EE2A3-1536-3252-A222-D763568EE8C8}.Release|x64.ActiveCfg = Release|x64
		{5A9EE2A3-1536-3252-A222-D763568EE8C8}.Release|x64.Build.0 = Release|x64
		{5A9EE2A3-1536-3252-A222-D763568EE8C8}.RelWithDebInfo|x64.ActiveCfg = RelWithDebInfo|x64
		{5A9EE2A3-1536-3252-A222-D763568EE8C8}.RelWithDebInfo|x64.Build.0 = RelWithDebInfo|x64
		{EC0CF75C-9CBB-30A0-A4E0-C38966DF7F57}.Debug|x64.ActiveCfg = Debug|x64
		{EC0CF75C-9CBB-30A0-A4E0-C38966DF7F57}.Debug|x64.Build.0 = Debug|x64
		{EC0CF75C-9CBB-30A0-A4E0-C38966DF7F57}.DebugMem|x64.ActiveCfg = Debug|x64
		{EC0CF75C-9CBB-30A0-A4E0-C38966DF7F57}.DebugMem|x64.Build.0 = Debug|x64
		{EC0CF75C-9CBB-30A0-A4E0-C38966DF7F57}.MinSizeRel|x64.ActiveCfg = RelWithDebInfo|x64
		{EC0CF75C-9CBB-30A0-A4E0-C38966DF7F57}.MinSizeRel|x64.Build.0 = RelWithDebInfo|x64
		{EC0CF75C-9CBB-30A0-A4E0-C38966DF7F57}.Release|x64.ActiveCfg = Release|x64
		{EC0CF75C-9CBB-30A0-A4E0-C38966DF7F57}.Release|x64.Build.0 = Release|x64
		{EC0CF75C-9CBB-30A0-A4E0-C38966DF7F57}.RelWithDebInfo|x64.ActiveCfg = RelWithDebInfo|x64
		{EC0CF75C-9CBB-30A0-A4E0-C38966DF7F57}.RelWithDebInfo|x64.Build.0 = RelWithDebInfo|x64
		{83913D61-3FA0-3439-977A-C2198579069E}.Debug|x64.ActiveCfg = Debug|x64
		{83913D61-3FA0-3439-977A-C2198579069E}.Debug|x64.Build.0 = Debug|x64
		{83913D61-3FA0-3439-977A-C2198579069E}.DebugMem|x64.ActiveCfg = Debug|x64
		{83913D61-3FA0-3439-977A-C2198579069E}.DebugMem|x64.Build.0 = Debug|x64
		{83913D61-3FA0-3439-977A-C2198579069E}.MinSizeRel|x64.ActiveCfg = RelWithDebInfo|x64
		{83913D61-3FA0-3439-977A-C2198579069E}.MinSizeRel|x64.Build.0 = RelWithDebInfo|x64
		{83913D61-3FA0-3439-977A-C2198579069E}.Release|x64.ActiveCfg = Release|x64
		{83913D61-3FA0-3439-977A-C2198579069E}.Release|x64.Build.0 = Release|x64
		{83913D61-3FA0-3439-977A-C2198579069E}.RelWithDebInfo|x64.ActiveCfg = RelWithDebInfo|x64
		{83913D61-3FA0-3439-977A-C2198579069E}.RelWithDebInfo|x64.Build.0 = RelWithDebInfo|x64
		{71FD5FEB-48DC-3F44-A5EA-434BB7D044EF}.Debug|x64.ActiveCfg = Debug|x64
		{71FD5FEB-48DC-3F44-A5EA-434BB7D044EF}.Debug|x64.Build.0 = Debug|x64
		{71FD5FEB-48DC-3F44-A5EA-434BB7D044EF}.DebugMem|x64.ActiveCfg = Debug|x64
		{71FD5FEB-48DC-3F44-A5EA-434BB7D044EF}.DebugMem|x64.Build.0 = Debug|x64
		{71FD5FEB-48DC-3F44-A5EA-434BB7D044EF}.MinSizeRel|x64.ActiveCfg = RelWithDebInfo|x64
		{71FD5FEB-48DC-3F44-A5EA-434BB7D044EF}.MinSizeRel|x64.Build.0 = RelWithDebInfo|x64
		{71FD5FEB-48DC-3F44-A5EA-434BB7D044EF}.Release|x64.ActiveCfg = Release|x64
		{71FD5FEB-48DC-3F44-A5EA-434BB7D044EF}.Release|x64.Build.0 = Release|x64
		{71FD5FEB-48DC-3F44-A5EA-434BB7D044EF}.RelWithDebInfo|x64.ActiveCfg = RelWithDebInfo|x64
		{71FD5FEB-48DC-3F44-A5EA-434BB7D044EF}.RelWithDebInfo|x64.Build.0 = RelWithDebInfo|x64
		{21C0B01A-6C42-3E83-922C-81F402DBA889}.Debug|x64.ActiveCfg = Debug|x64
		{21C0B01A-6C42-3E83-922C-81F402DBA889}.Debug|x64.Build.0 = Debug|x64
		{21C0B01A-6C42-3E83-922C-81F402DBA889}.DebugMem|x64.ActiveCfg = Debug|x64
		{21C0B01A-6C42-3E83-922C-81F402DBA889}.DebugMem|x64.Build.0 = Debug|x64
		{21C0B01A-6C42-3E83-922C-81F402DBA889}.MinSizeRel|x64.ActiveCfg = RelWithDebInfo|x64
		{21C0B01A-6C42-3E83-922C-81F402DBA889}.MinSizeRel|x64.Build.0 = RelWithDebInfo|x64
		{21C0B01A-6C42-3E83-922C-81F402DBA889}.Release|x64.ActiveCfg = Release|x64
		{21C0B01A-6C42-3E83-922C-81F402DBA889}.Release|x64.Build.0 = Release|x64
		{21C0B01A-6C42-3E83-922C-81F402DBA889}.RelWithDebInfo|x64.ActiveCfg = RelWithDebInfo|x64
		{21C0B01A-6C42-3E83-922C-81F402DBA889}.RelWithDebInfo|x64.Build.0 = RelWithDebInfo|x64
		{BE348316-C193-319A-87EE-7BEEBD7B7488}.Debug|x64.ActiveCfg = Debug|x64
		{BE348316-C193-319A-87EE-7BEEBD7B7488}.Debug|x64.Build.0 = Debug|x64
		{BE348316-C193-319A-87EE-7BEEBD7B7488}.DebugMem|x64.ActiveCfg = Debug|x64
		{BE348316-C193-319A-87EE-7BEEBD7B7488}.DebugMem|x64.Build.0 = Debug|x64
		{BE348316-C193-319A-87EE-7BEEBD7B7488}.MinSizeRel|x64.ActiveCfg = RelWithDebInfo|x64
		{BE348316-C193-319A-87EE-7BEEBD7B7488}.MinSizeRel|x64.Build.0 = RelWithDebInfo|x64
		{BE348316-C193-319A-87EE-7BEEBD7B7488}.Release|x64.ActiveCfg = Release|x64
		{BE348316-C193-319A-87EE-7BEEBD7B7488}.Release|x64.Build.0 = Release|x64
		{BE348316-C193-319A-87EE-7BEEBD7B7488}.RelWithDebInfo|x64.ActiveCfg = RelWithDebInfo|x64
		{BE348316-C193-319A-87EE-7BEEBD7B7488}.RelWithDebInfo|x64.Build.0 = RelWithDebInfo|x64
		{2BC82998-8161-353D-9006-7CF20A3277B3}.Debug|x64.ActiveCfg = Debug|x64
		{2BC82998-8161-353D-9006-7CF20A3277B3}.Debug|x64.Build.0 = Debug|x64
		{2BC82998-8161-353D-9006-7CF20A3277B3}.DebugMem|x64.ActiveCfg = Debug|x64
		{2BC82998-8161-353D-9006-7CF20A3277B3}.DebugMem|x64.Build.0 = Debug|x64
		{2BC82998-8161-353D-9006-7CF20A3277B3}.MinSizeRel|x64.ActiveCfg = RelWithDebInfo|x64
		{2BC82998-8161-353D-9006-7CF20A3277B3}.MinSizeRel|x64.Build.0 = RelWithDebInfo|x64
		{2BC82998-8161-353D-9006-7CF20A3277B3}.Release|x64.ActiveCfg = Release|x64
		{2BC82998-8161-353D-9006-7CF20A3277B3}.Release|x64.Build.0 = Release|x64
		{2BC82998-8161-353D-9006-7CF20A3277B3}.RelWithDebInfo|x64.ActiveCfg = RelWithDebInfo|x64
		{2BC82998-8161-353D-9006-7CF20A3277B3}.RelWithDebInfo|x64.Build.0 = RelWithDebInfo|x64
		{6BA5A6E1-3BE1-3F70-9894-D3660722CCF4}.Debug|x64.ActiveCfg = Debug|x64
		{6BA5A6E1-3BE1-3F70-9894-D3660722CCF4}.Debug|x64.Build.0 = Debug|x64
		{6BA5A6E1-3BE1-3F70-9894-D3660722CCF4}.DebugMem|x64.ActiveCfg = Debug|x64
		{6BA5A6E1-3BE1-3F70-9894-D3660722CCF4}.DebugMem|x64.Build.0 = Debug|x64
		{6BA5A6E1-3BE1-3F70-9894-D3660722CCF4}.MinSizeRel|x64.ActiveCfg = RelWithDebInfo|x64
		{6BA5A6E1-3BE1-3F70-9894-D3660722CCF4}.MinSizeRel|x64.Build.0 = RelWithDebInfo|x64
		{6BA5A6E1-3BE1-3F70-9894-D3660722CCF4}.Release|x64.ActiveCfg = Release|x64
		{6BA5A6E1-3BE1-3F70-9894-D3660722CCF4}.Release|x64.Build.0 = Release|x64
		{6BA5A6E1-3BE1-3F70-9894-D3660722CCF4}.RelWithDebInfo|x64.ActiveCfg = RelWithDebInfo|x64
		{6BA5A6E1-3BE1-3F70-9894-D3660722CCF4}.RelWithDebInfo|x64.Build.0 = RelWithDebInfo|x64
		{77A67BA6-8599-313C-BA71-005E5839F85C}.Debug|x64.ActiveCfg = Debug|x64
		{77A67BA6-8599-313C-BA71-005E5839F85C}.Debug|x64.Build.0 = Debug|x64
		{77A67BA6-8599-313C-BA71-005E5839F85C}.DebugMem|x64.ActiveCfg = Debug|x64
		{77A67BA6-8599-313C-BA71-005E5839F85C}.DebugMem|x64.Build.0 = Debug|x64
		{77A67BA6-8599-313C-BA71-005E5839F85C}.MinSizeRel|x64.ActiveCfg = RelWithDebInfo|x64
		{77A67BA6-8599-313C-BA71-005E5839F85C}.MinSizeRel|x64.Build.0 = RelWithDebInfo|x64
		{77A67BA6-8599-313C-BA71-005E5839F85C}.Release|x64.ActiveCfg = Release|x64
		{77A67BA6-8599-313C-BA71-005E5839F85C}.Release|x64.Build.0 = Release|x64
		{77A67BA6-8599-313C-BA71-005E5839F85C}.RelWithDebInfo|x64.ActiveCfg = RelWithDebInfo|x64
		{77A67BA6-8599-313C-BA71-005E5839F85C}.RelWithDebInfo|x64.Build.0 = RelWithDebInfo|x64
		{47A0B8E0-3FB0-3E5B-B547-D9FE6A770560}.Debug|x64.ActiveCfg = Debug|x64
		{47A0B8E0-3FB0-3E5B-B547-D9FE6A770560}.Debug|x64.Build.0 = Debug|x64
		{47A0B8E0-3FB0-3E5B-B547-D9FE6A770560}.DebugMem|x64.ActiveCfg = Debug|x64
		{47A0B8E0-3FB0-3E5B-B547-D9FE6A770560}.DebugMem|x64.Build.0 = Debug|x64
		{47A0B8E0-3FB0-3E5B-B547-D9FE6A770560}.MinSizeRel|x64.ActiveCfg = RelWithDebInfo|x64
		{47A0B8E0-3FB0-3E5B-B547-D9FE6A770560}.MinSizeRel|x64.Build.0 = RelWithDebInfo|x64
		{47A0B8E0-3FB0-3E5B-B547-D9FE6A770560}.Release|x64.ActiveCfg = Release|x64
		{47A0B8E0-3FB0-3E5B-B547-D9FE6A770560}.Release|x64.Build.0 = Release|x64
		{47A0B8E0-3FB0-3E5B-B547-D9FE6A770560}.RelWithDebInfo|x64.ActiveCfg = RelWithDebInfo|x64
		{47A0B8E0-3FB0-3E5B-B547-D9FE6A770560}.RelWithDebInfo|x64.Build.0 = RelWithDebInfo|x64
	EndGlobalSection
	GlobalSection(SolutionProperties) = preSolution
		HideSolutionNode = FALSE
	EndGlobalSection
	GlobalSection(NestedProjects) = preSolution
		{E271E5BA-4840-40AF-ACA0-8F7611E5F900} = {54F2BE21-4CD6-4831-A88B-872C48371746}
		{016C0498-FED4-4462-BA6D-B4B99964258E} = {54F2BE21-4CD6-4831-A88B-872C48371746}
		{6F3A3284-0B0B-4C0B-8320-AB6EB39EEFFF} = {016C0498-FED4-4462-BA6D-B4B99964258E}
		{3433A927-2C40-4F5E-96E3-2202CB31E7B8} = {016C0498-FED4-4462-BA6D-B4B99964258E}
		{83913D61-3FA0-3439-977A-C2198579069E} = {E271E5BA-4840-40AF-ACA0-8F7611E5F900}
		{71FD5FEB-48DC-3F44-A5EA-434BB7D044EF} = {6F3A3284-0B0B-4C0B-8320-AB6EB39EEFFF}
		{99A458AC-BAF0-49A6-A446-CA21B86B3432} = {54F2BE21-4CD6-4831-A88B-872C48371746}
		{21C0B01A-6C42-3E83-922C-81F402DBA889} = {99A458AC-BAF0-49A6-A446-CA21B86B3432}
		{BE348316-C193-319A-87EE-7BEEBD7B7488} = {3433A927-2C40-4F5E-96E3-2202CB31E7B8}
		{2BC82998-8161-353D-9006-7CF20A3277B3} = {D12018FD-AEA8-45DE-8AA5-1D82F7A4C01B}
		{D12018FD-AEA8-45DE-8AA5-1D82F7A4C01B} = {54F2BE21-4CD6-4831-A88B-872C48371746}
		{8B3962D4-9959-4635-843B-5712195817FF} = {54F2BE21-4CD6-4831-A88B-872C48371746}
		{77A67BA6-8599-313C-BA71-005E5839F85C} = {EF81C153-1FAD-4A4D-BD61-E2C0190B7B8F}
		{EF81C153-1FAD-4A4D-BD61-E2C0190B7B8F} = {8B3962D4-9959-4635-843B-5712195817FF}
		{C8BCFDB1-0F04-4AD5-BC4B-3BE842183A3E} = {8B3962D4-9959-4635-843B-5712195817FF}
		{47A0B8E0-3FB0-3E5B-B547-D9FE6A770560} = {C8BCFDB1-0F04-4AD5-BC4B-3BE842183A3E}
	EndGlobalSection
	GlobalSection(ExtensibilityGlobals) = postSolution
		SolutionGuid = {D24B1A46-474F-489C-AECB-05C1FD4EF3AE}
	EndGlobalSection
EndGlobal
